
Microsoft Visual Studio Solution File, Format Version 12.00
# Visual Studio Version 16
VisualStudioVersion = 16.0.29306.81
MinimumVisualStudioVersion = 10.0.40219.1
Project("{FAE04EC0-301F-11D3-BF4B-00C04F79EFBC}") = "Transgenesis", "Transgenesis\Transgenesis.csproj", "{564589AB-E99B-4BAF-9816-CFB41C54A376}"
EndProject
Global
	GlobalSection(SolutionConfigurationPlatforms) = preSolution
		Debug|Any CPU = Debug|Any CPU
		Release|Any CPU = Release|Any CPU
	EndGlobalSection
	GlobalSection(ProjectConfigurationPlatforms) = postSolution
		{564589AB-E99B-4BAF-9816-CFB41C54A376}.Debug|Any CPU.ActiveCfg = Debug|Any CPU
		{564589AB-E99B-4BAF-9816-CFB41C54A376}.Debug|Any CPU.Build.0 = Debug|Any CPU
		{564589AB-E99B-4BAF-9816-CFB41C54A376}.Release|Any CPU.ActiveCfg = Release|Any CPU
		{564589AB-E99B-4BAF-9816-CFB41C54A376}.Release|Any CPU.Build.0 = Release|Any CPU
	EndGlobalSection
	GlobalSection(SolutionProperties) = preSolution
		HideSolutionNode = FALSE
	EndGlobalSection
	GlobalSection(ExtensibilityGlobals) = postSolution
		SolutionGuid = {9212E56B-4418-4CCD-8F1F-218F9B1745D9}
	EndGlobalSection
EndGlobal
